# This file was autogenerated by Stack.
# You should not edit this file by hand.
# For more information, please see the documentation at:
#   https://docs.haskellstack.org/en/stable/lock_files

packages:
- completed:
    commit: 99650dc105858e63a37b4f5f48d3d60af6fb3de1
    git: https://github.com/flipstone/henforcer.git
    name: henforcer
    pantry-tree:
      sha256: 6cd0b29c3aef7672ad7f44fb4d11a5d2f74f034e662d31958151a1d8f6aa573c
      size: 4239
    version: 0.1.0.0
  original:
    commit: 99650dc105858e63a37b4f5f48d3d60af6fb3de1
    git: https://github.com/flipstone/henforcer.git
- completed:
    hackage: geohash-1.0.1@sha256:be8bf007f56fae73366c295084b9e1bdc6f50a9c3c435767353f5d18b5d76227,516
    pantry-tree:
      sha256: 6ebbfb541fdd4ec3ea36eb4d3ff05fb08dcdf3e4847fb842f86704c5f5bf863d
      size: 206
  original:
    hackage: geohash-1.0.1@sha256:be8bf007f56fae73366c295084b9e1bdc6f50a9c3c435767353f5d18b5d76227,516
- completed:
    hackage: pollock-0.1.0.1@sha256:36ca228aa40ca6c29b590d16e0e165f2212946882d190e63a20080c6ee449c29,3889
    pantry-tree:
      sha256: d493bc13938be2303f010b031a7514d7907c726d8ab0a1048772c862931ce152
      size: 1182
  original:
    hackage: pollock-0.1.0.1@sha256:36ca228aa40ca6c29b590d16e0e165f2212946882d190e63a20080c6ee449c29,3889
- completed:
    hackage: tomland-1.3.3.2@sha256:8dd15cd2e8178a9bc3c3db4ef53e706e36ee093417a98b1d26131524629c3c07,9483
    pantry-tree:
      sha256: 0534ea632a9f1730148567556563193e2051feb11beb41c5ddd76a860b5cdd5d
      size: 6430
  original:
    hackage: tomland-1.3.3.2@sha256:8dd15cd2e8178a9bc3c3db4ef53e706e36ee093417a98b1d26131524629c3c07,9483
- completed:
    hackage: validation-selective-0.2.0.0@sha256:cc847f1a110e3b1bd437a5356f115881b61cafcb11781b570b180efd88bf0907,3917
    pantry-tree:
      sha256: f6d871d6200ec0cf4903072028e17f0d0c7d9a71bedca11ace9d4c33a5387dd4
      size: 697
  original:
    hackage: validation-selective-0.2.0.0@sha256:cc847f1a110e3b1bd437a5356f115881b61cafcb11781b570b180efd88bf0907,3917
snapshots:
- completed:
    sha256: 4be1ca5d31689b524a7f0f17a439bbe9136465213edc498e9a395899a670f2aa
    size: 718486
    url: https://raw.githubusercontent.com/commercialhaskell/stackage-snapshots/master/lts/22/22.yaml
  original: lts-22.22
