# This file was autogenerated by Stack.
# You should not edit this file by hand.
# For more information, please see the documentation at:
#   https://docs.haskellstack.org/en/stable/topics/lock_files

packages:
- completed:
    name: henforcer
    pantry-tree:
      sha256: f00d367a751830e55ecd82e26760bf773c7ad8f5a6550c0ac0a8cb1e47de524f
      size: 4551
    sha256: 981372512750fc2b17e43b0b87c45404e5c024ea186beafbc4e3eea8730dc025
    size: 36129
    url: https://github.com/flipstone/henforcer/archive/e59f7a252067f649277258704a754348fb6a4a35.tar.gz
    version: 0.1.0.1
  original:
    url: https://github.com/flipstone/henforcer/archive/e59f7a252067f649277258704a754348fb6a4a35.tar.gz
- completed:
    hackage: geohash-1.0.1@sha256:be8bf007f56fae73366c295084b9e1bdc6f50a9c3c435767353f5d18b5d76227,516
    pantry-tree:
      sha256: 6ebbfb541fdd4ec3ea36eb4d3ff05fb08dcdf3e4847fb842f86704c5f5bf863d
      size: 206
  original:
    hackage: geohash-1.0.1@sha256:be8bf007f56fae73366c295084b9e1bdc6f50a9c3c435767353f5d18b5d76227,516
- completed:
    hackage: pollock-0.1.0.3@sha256:0c245280f8b7813357c14663b2ab456e3c3998cd6beb2d5cca53741ca9589285,3969
    pantry-tree:
      sha256: 88b5bcf2aecd3e3768d5813b80dab7b2d5c19b9a73e6760aec247a6fd19c6ecf
      size: 1182
  original:
    hackage: pollock-0.1.0.3
snapshots:
- completed:
    sha256: 468e1afa06cd069e57554f10e84fdf1ac5e8893e3eefc503ef837e2449f7e60c
    size: 726310
    url: https://raw.githubusercontent.com/commercialhaskell/stackage-snapshots/master/lts/24/11.yaml
  original: lts-24.11
